
Microsoft Visual Studio Solution File, Format Version 12.00
# Visual Studio Version 17
VisualStudioVersion = 17.5.33424.131
MinimumVisualStudioVersion = 10.0.40219.1
Project("{FAE04EC0-301F-11D3-BF4B-00C04F79EFBC}") = "testlib", "testlib\testlib.csproj", "{916B620E-7E38-43A2-A5C7-4CB5FFB25110}"
EndProject
Global
	GlobalSection(SolutionConfigurationPlatforms) = preSolution
		Debug|Any CPU = Debug|Any CPU
		Release|Any CPU = Release|Any CPU
	EndGlobalSection
	GlobalSection(ProjectConfigurationPlatforms) = postSolution
		{B3E68878-5A32-404B-8897-FCBA400100F9}.Debug|Any CPU.ActiveCfg = Debug|Any CPU
		{B3E68878-5A32-404B-8897-FCBA400100F9}.Debug|Any CPU.Build.0 = Debug|Any CPU
		{B3E68878-5A32-404B-8897-FCBA400100F9}.Release|Any CPU.ActiveCfg = Release|Any CPU
		{B3E68878-5A32-404B-8897-FCBA400100F9}.Release|Any CPU.Build.0 = Release|Any CPU
		{BC875C45-F4B1-46B9-A2A9-DB2FEFFE1356}.Debug|Any CPU.ActiveCfg = Debug|Any CPU
		{BC875C45-F4B1-46B9-A2A9-DB2FEFFE1356}.Debug|Any CPU.Build.0 = Debug|Any CPU
		{BC875C45-F4B1-46B9-A2A9-DB2FEFFE1356}.Release|Any CPU.ActiveCfg = Release|Any CPU
		{BC875C45-F4B1-46B9-A2A9-DB2FEFFE1356}.Release|Any CPU.Build.0 = Release|Any CPU
		{65A6E7C4-5CF6-4235-9B2C-90F53AB555CB}.Debug|Any CPU.ActiveCfg = Debug|Any CPU
		{65A6E7C4-5CF6-4235-9B2C-90F53AB555CB}.Debug|Any CPU.Build.0 = Debug|Any CPU
		{65A6E7C4-5CF6-4235-9B2C-90F53AB555CB}.Release|Any CPU.ActiveCfg = Release|Any CPU
		{65A6E7C4-5CF6-4235-9B2C-90F53AB555CB}.Release|Any CPU.Build.0 = Release|Any CPU
		{916B620E-7E38-43A2-A5C7-4CB5FFB25110}.Debug|Any CPU.ActiveCfg = Debug|Any CPU
		{916B620E-7E38-43A2-A5C7-4CB5FFB25110}.Debug|Any CPU.Build.0 = Debug|Any CPU
		{916B620E-7E38-43A2-A5C7-4CB5FFB25110}.Release|Any CPU.ActiveCfg = Release|Any CPU
		{916B620E-7E38-43A2-A5C7-4CB5FFB25110}.Release|Any CPU.Build.0 = Release|Any CPU
	EndGlobalSection
	GlobalSection(SolutionProperties) = preSolution
		HideSolutionNode = FALSE
	EndGlobalSection
	GlobalSection(ExtensibilityGlobals) = postSolution
		SolutionGuid = {B041F479-1BC8-411D-A9B0-4CE68DF0D476}
	EndGlobalSection
EndGlobal
